
Microsoft Visual Studio Solution File, Format Version 12.00
# Visual Studio Version 17
VisualStudioVersion = 17.5.33424.131
MinimumVisualStudioVersion = 10.0.40219.1
Project("{FAE04EC0-301F-11D3-BF4B-00C04F79EFBC}") = "TextRPG_TeamProject", "TextRPG_TeamProject\TextRPG_TeamProject.csproj", "{FE042273-9A1C-4C27-952C-CE026D51B092}"
EndProject
Global
	GlobalSection(SolutionConfigurationPlatforms) = preSolution
		Debug|Any CPU = Debug|Any CPU
		Release|Any CPU = Release|Any CPU
	EndGlobalSection
	GlobalSection(ProjectConfigurationPlatforms) = postSolution
		{FE042273-9A1C-4C27-952C-CE026D51B092}.Debug|Any CPU.ActiveCfg = Debug|Any CPU
		{FE042273-9A1C-4C27-952C-CE026D51B092}.Debug|Any CPU.Build.0 = Debug|Any CPU
		{FE042273-9A1C-4C27-952C-CE026D51B092}.Release|Any CPU.ActiveCfg = Release|Any CPU
		{FE042273-9A1C-4C27-952C-CE026D51B092}.Release|Any CPU.Build.0 = Release|Any CPU
	EndGlobalSection
	GlobalSection(SolutionProperties) = preSolution
		HideSolutionNode = FALSE
	EndGlobalSection
	GlobalSection(ExtensibilityGlobals) = postSolution
		SolutionGuid = {4549B37F-791D-4178-A92E-DCE581A97F12}
	EndGlobalSection
EndGlobal
